
Microsoft Visual Studio Solution File, Format Version 12.00
# Visual Studio Version 17
VisualStudioVersion = 17.9.34728.123
MinimumVisualStudioVersion = 10.0.40219.1
Project("{C9674DCB-5085-4A16-B785-4C70DD1589BD}") = "Marketoppers_SSIS", "Marketoppers_SSIS\Marketoppers_SSIS.dtproj", "{D7837EB8-454A-4CF5-8F34-547EBFD10899}"
EndProject
Global
	GlobalSection(SolutionConfigurationPlatforms) = preSolution
		Development|Default = Development|Default
	EndGlobalSection
	GlobalSection(ProjectConfigurationPlatforms) = postSolution
		{D7837EB8-454A-4CF5-8F34-547EBFD10899}.Development|Default.ActiveCfg = Development
		{D7837EB8-454A-4CF5-8F34-547EBFD10899}.Development|Default.Build.0 = Development
	EndGlobalSection
	GlobalSection(SolutionProperties) = preSolution
		HideSolutionNode = FALSE
	EndGlobalSection
	GlobalSection(ExtensibilityGlobals) = postSolution
		SolutionGuid = {3687A99C-9AE2-4072-A2D7-7B7C7FB010B2}
	EndGlobalSection
EndGlobal
